
Microsoft Visual Studio Solution File, Format Version 12.00
# Visual Studio Version 17
VisualStudioVersion = 17.10.35004.147
MinimumVisualStudioVersion = 10.0.40219.1
Project("{FAE04EC0-301F-11D3-BF4B-00C04F79EFBC}") = "br_H60L02", "br_H60L02\br_H60L02.csproj", "{813A1F75-DCDB-4FA4-A628-0210E7242481}"
EndProject
Global
	GlobalSection(SolutionConfigurationPlatforms) = preSolution
		Debug|Any CPU = Debug|Any CPU
		Release|Any CPU = Release|Any CPU
	EndGlobalSection
	GlobalSection(ProjectConfigurationPlatforms) = postSolution
		{813A1F75-DCDB-4FA4-A628-0210E7242481}.Debug|Any CPU.ActiveCfg = Debug|Any CPU
		{813A1F75-DCDB-4FA4-A628-0210E7242481}.Debug|Any CPU.Build.0 = Debug|Any CPU
		{813A1F75-DCDB-4FA4-A628-0210E7242481}.Release|Any CPU.ActiveCfg = Release|Any CPU
		{813A1F75-DCDB-4FA4-A628-0210E7242481}.Release|Any CPU.Build.0 = Release|Any CPU
	EndGlobalSection
	GlobalSection(SolutionProperties) = preSolution
		HideSolutionNode = FALSE
	EndGlobalSection
	GlobalSection(ExtensibilityGlobals) = postSolution
		SolutionGuid = {D43CE658-DF1A-4692-8D42-B1AB1709DB41}
	EndGlobalSection
EndGlobal
